
Microsoft Visual Studio Solution File, Format Version 12.00
# Visual Studio Version 16
VisualStudioVersion = 16.0.30517.126
MinimumVisualStudioVersion = 10.0.40219.1
Project("{FAE04EC0-301F-11D3-BF4B-00C04F79EFBC}") = "FunctionsWithArrays", "FunctionsWithArrays\FunctionsWithArrays.csproj", "{B9F8AE75-8B21-4DDA-8E38-D509845C0CC3}"
EndProject
Project("{FAE04EC0-301F-11D3-BF4B-00C04F79EFBC}") = "ReturnStatements", "ReturnStatements\ReturnStatements.csproj", "{27A81FD3-3B8C-47F5-AC50-C56FAD92E394}"
EndProject
Project("{FAE04EC0-301F-11D3-BF4B-00C04F79EFBC}") = "SumOfArrayElements", "SumOfArrayElements\SumOfArrayElements.csproj", "{2BEC7ADF-A1B6-4357-8FB3-DCF6BF36EF9E}"
EndProject
Project("{FAE04EC0-301F-11D3-BF4B-00C04F79EFBC}") = "EpicFight", "EpicFight\EpicFight.csproj", "{BACF5570-3D9A-4CA6-93FC-CB8103612314}"
EndProject
Global
	GlobalSection(SolutionConfigurationPlatforms) = preSolution
		Debug|Any CPU = Debug|Any CPU
		Release|Any CPU = Release|Any CPU
	EndGlobalSection
	GlobalSection(ProjectConfigurationPlatforms) = postSolution
		{B9F8AE75-8B21-4DDA-8E38-D509845C0CC3}.Debug|Any CPU.ActiveCfg = Debug|Any CPU
		{B9F8AE75-8B21-4DDA-8E38-D509845C0CC3}.Debug|Any CPU.Build.0 = Debug|Any CPU
		{B9F8AE75-8B21-4DDA-8E38-D509845C0CC3}.Release|Any CPU.ActiveCfg = Release|Any CPU
		{B9F8AE75-8B21-4DDA-8E38-D509845C0CC3}.Release|Any CPU.Build.0 = Release|Any CPU
		{27A81FD3-3B8C-47F5-AC50-C56FAD92E394}.Debug|Any CPU.ActiveCfg = Debug|Any CPU
		{27A81FD3-3B8C-47F5-AC50-C56FAD92E394}.Debug|Any CPU.Build.0 = Debug|Any CPU
		{27A81FD3-3B8C-47F5-AC50-C56FAD92E394}.Release|Any CPU.ActiveCfg = Release|Any CPU
		{27A81FD3-3B8C-47F5-AC50-C56FAD92E394}.Release|Any CPU.Build.0 = Release|Any CPU
		{2BEC7ADF-A1B6-4357-8FB3-DCF6BF36EF9E}.Debug|Any CPU.ActiveCfg = Debug|Any CPU
		{2BEC7ADF-A1B6-4357-8FB3-DCF6BF36EF9E}.Debug|Any CPU.Build.0 = Debug|Any CPU
		{2BEC7ADF-A1B6-4357-8FB3-DCF6BF36EF9E}.Release|Any CPU.ActiveCfg = Release|Any CPU
		{2BEC7ADF-A1B6-4357-8FB3-DCF6BF36EF9E}.Release|Any CPU.Build.0 = Release|Any CPU
		{BACF5570-3D9A-4CA6-93FC-CB8103612314}.Debug|Any CPU.ActiveCfg = Debug|Any CPU
		{BACF5570-3D9A-4CA6-93FC-CB8103612314}.Debug|Any CPU.Build.0 = Debug|Any CPU
		{BACF5570-3D9A-4CA6-93FC-CB8103612314}.Release|Any CPU.ActiveCfg = Release|Any CPU
		{BACF5570-3D9A-4CA6-93FC-CB8103612314}.Release|Any CPU.Build.0 = Release|Any CPU
	EndGlobalSection
	GlobalSection(SolutionProperties) = preSolution
		HideSolutionNode = FALSE
	EndGlobalSection
	GlobalSection(ExtensibilityGlobals) = postSolution
		SolutionGuid = {ACF83C25-B884-446C-84AA-7E3519426C63}
	EndGlobalSection
EndGlobal
